
Microsoft Visual Studio Solution File, Format Version 12.00
# Visual Studio Version 17
VisualStudioVersion = 17.7.34031.279
MinimumVisualStudioVersion = 10.0.40219.1
Project("{FAE04EC0-301F-11D3-BF4B-00C04F79EFBC}") = "Laboratorio 6", "Laboratorio 6.csproj", "{A6E98987-072A-45D4-A28F-A9D7D7D91993}"
EndProject
Global
	GlobalSection(SolutionConfigurationPlatforms) = preSolution
		Debug|Any CPU = Debug|Any CPU
		Release|Any CPU = Release|Any CPU
	EndGlobalSection
	GlobalSection(ProjectConfigurationPlatforms) = postSolution
		{A6E98987-072A-45D4-A28F-A9D7D7D91993}.Debug|Any CPU.ActiveCfg = Debug|Any CPU
		{A6E98987-072A-45D4-A28F-A9D7D7D91993}.Debug|Any CPU.Build.0 = Debug|Any CPU
		{A6E98987-072A-45D4-A28F-A9D7D7D91993}.Release|Any CPU.ActiveCfg = Release|Any CPU
		{A6E98987-072A-45D4-A28F-A9D7D7D91993}.Release|Any CPU.Build.0 = Release|Any CPU
	EndGlobalSection
	GlobalSection(SolutionProperties) = preSolution
		HideSolutionNode = FALSE
	EndGlobalSection
	GlobalSection(ExtensibilityGlobals) = postSolution
		SolutionGuid = {9BDFE023-F8A9-43FC-B5F0-346629C608FB}
	EndGlobalSection
EndGlobal
